
Microsoft Visual Studio Solution File, Format Version 12.00
# Visual Studio Version 17
VisualStudioVersion = 17.5.33516.290
MinimumVisualStudioVersion = 10.0.40219.1
Project("{FAE04EC0-301F-11D3-BF4B-00C04F79EFBC}") = "progra_semana2", "progra_semana2\progra_semana2.csproj", "{4FC22952-A216-49AE-BBCC-A202EEF4C8EF}"
EndProject
Global
	GlobalSection(SolutionConfigurationPlatforms) = preSolution
		Debug|Any CPU = Debug|Any CPU
		Release|Any CPU = Release|Any CPU
	EndGlobalSection
	GlobalSection(ProjectConfigurationPlatforms) = postSolution
		{4FC22952-A216-49AE-BBCC-A202EEF4C8EF}.Debug|Any CPU.ActiveCfg = Debug|Any CPU
		{4FC22952-A216-49AE-BBCC-A202EEF4C8EF}.Debug|Any CPU.Build.0 = Debug|Any CPU
		{4FC22952-A216-49AE-BBCC-A202EEF4C8EF}.Release|Any CPU.ActiveCfg = Release|Any CPU
		{4FC22952-A216-49AE-BBCC-A202EEF4C8EF}.Release|Any CPU.Build.0 = Release|Any CPU
	EndGlobalSection
	GlobalSection(SolutionProperties) = preSolution
		HideSolutionNode = FALSE
	EndGlobalSection
	GlobalSection(ExtensibilityGlobals) = postSolution
		SolutionGuid = {51EBC2C1-5679-46BB-8570-CB0AB8D52861}
	EndGlobalSection
EndGlobal
